
Microsoft Visual Studio Solution File, Format Version 12.00
# Visual Studio 15
VisualStudioVersion = 15.0.26124.0
MinimumVisualStudioVersion = 15.0.26124.0
Project("{FAE04EC0-301F-11D3-BF4B-00C04F79EFBC}") = "Polygons", "Polygons\Polygons.csproj", "{B568FC4E-5BE7-4ADF-B968-9AC29B69605C}"
EndProject
Project("{FAE04EC0-301F-11D3-BF4B-00C04F79EFBC}") = "Polygons.Library", "Polygons.Library\Polygons.Library.csproj", "{3DD50119-10A6-4F40-8350-E82688622CCB}"
EndProject
Global
	GlobalSection(SolutionConfigurationPlatforms) = preSolution
		Debug|Any CPU = Debug|Any CPU
		Debug|x64 = Debug|x64
		Debug|x86 = Debug|x86
		Release|Any CPU = Release|Any CPU
		Release|x64 = Release|x64
		Release|x86 = Release|x86
	EndGlobalSection
	GlobalSection(SolutionProperties) = preSolution
		HideSolutionNode = FALSE
	EndGlobalSection
	GlobalSection(ProjectConfigurationPlatforms) = postSolution
		{B568FC4E-5BE7-4ADF-B968-9AC29B69605C}.Debug|Any CPU.ActiveCfg = Debug|Any CPU
		{B568FC4E-5BE7-4ADF-B968-9AC29B69605C}.Debug|Any CPU.Build.0 = Debug|Any CPU
		{B568FC4E-5BE7-4ADF-B968-9AC29B69605C}.Debug|x64.ActiveCfg = Debug|Any CPU
		{B568FC4E-5BE7-4ADF-B968-9AC29B69605C}.Debug|x64.Build.0 = Debug|Any CPU
		{B568FC4E-5BE7-4ADF-B968-9AC29B69605C}.Debug|x86.ActiveCfg = Debug|Any CPU
		{B568FC4E-5BE7-4ADF-B968-9AC29B69605C}.Debug|x86.Build.0 = Debug|Any CPU
		{B568FC4E-5BE7-4ADF-B968-9AC29B69605C}.Release|Any CPU.ActiveCfg = Release|Any CPU
		{B568FC4E-5BE7-4ADF-B968-9AC29B69605C}.Release|Any CPU.Build.0 = Release|Any CPU
		{B568FC4E-5BE7-4ADF-B968-9AC29B69605C}.Release|x64.ActiveCfg = Release|Any CPU
		{B568FC4E-5BE7-4ADF-B968-9AC29B69605C}.Release|x64.Build.0 = Release|Any CPU
		{B568FC4E-5BE7-4ADF-B968-9AC29B69605C}.Release|x86.ActiveCfg = Release|Any CPU
		{B568FC4E-5BE7-4ADF-B968-9AC29B69605C}.Release|x86.Build.0 = Release|Any CPU
		{3DD50119-10A6-4F40-8350-E82688622CCB}.Debug|Any CPU.ActiveCfg = Debug|Any CPU
		{3DD50119-10A6-4F40-8350-E82688622CCB}.Debug|Any CPU.Build.0 = Debug|Any CPU
		{3DD50119-10A6-4F40-8350-E82688622CCB}.Debug|x64.ActiveCfg = Debug|Any CPU
		{3DD50119-10A6-4F40-8350-E82688622CCB}.Debug|x64.Build.0 = Debug|Any CPU
		{3DD50119-10A6-4F40-8350-E82688622CCB}.Debug|x86.ActiveCfg = Debug|Any CPU
		{3DD50119-10A6-4F40-8350-E82688622CCB}.Debug|x86.Build.0 = Debug|Any CPU
		{3DD50119-10A6-4F40-8350-E82688622CCB}.Release|Any CPU.ActiveCfg = Release|Any CPU
		{3DD50119-10A6-4F40-8350-E82688622CCB}.Release|Any CPU.Build.0 = Release|Any CPU
		{3DD50119-10A6-4F40-8350-E82688622CCB}.Release|x64.ActiveCfg = Release|Any CPU
		{3DD50119-10A6-4F40-8350-E82688622CCB}.Release|x64.Build.0 = Release|Any CPU
		{3DD50119-10A6-4F40-8350-E82688622CCB}.Release|x86.ActiveCfg = Release|Any CPU
		{3DD50119-10A6-4F40-8350-E82688622CCB}.Release|x86.Build.0 = Release|Any CPU
	EndGlobalSection
EndGlobal
